
Microsoft Visual Studio Solution File, Format Version 12.00
# Visual Studio 15
VisualStudioVersion = 15.0.26430.15
MinimumVisualStudioVersion = 10.0.40219.1
Project("{FAE04EC0-301F-11D3-BF4B-00C04F79EFBC}") = "OTADfu_Console", "ConsoleApp2\OTADfu_Console.csproj", "{9A5C0E2F-405F-440A-806B-7476FD908626}"
EndProject
Global
	GlobalSection(SolutionConfigurationPlatforms) = preSolution
		Debug|Any CPU = Debug|Any CPU
		Release|Any CPU = Release|Any CPU
	EndGlobalSection
	GlobalSection(ProjectConfigurationPlatforms) = postSolution
		{9A5C0E2F-405F-440A-806B-7476FD908626}.Debug|Any CPU.ActiveCfg = Debug|Any CPU
		{9A5C0E2F-405F-440A-806B-7476FD908626}.Debug|Any CPU.Build.0 = Debug|Any CPU
		{9A5C0E2F-405F-440A-806B-7476FD908626}.Release|Any CPU.ActiveCfg = Release|Any CPU
		{9A5C0E2F-405F-440A-806B-7476FD908626}.Release|Any CPU.Build.0 = Release|Any CPU
	EndGlobalSection
	GlobalSection(SolutionProperties) = preSolution
		HideSolutionNode = FALSE
	EndGlobalSection
EndGlobal
