
Microsoft Visual Studio Solution File, Format Version 12.00
# Visual Studio 14
VisualStudioVersion = 14.0.25420.1
MinimumVisualStudioVersion = 10.0.40219.1
Project("{FAE04EC0-301F-11D3-BF4B-00C04F79EFBC}") = "OTADfu_Console", "OTADfu_Console\OTADfu_Console.csproj", "{0B112E9F-904A-4A2A-A8B0-41D1D73762B3}"
EndProject
Global
	GlobalSection(SolutionConfigurationPlatforms) = preSolution
		Debug|Any CPU = Debug|Any CPU
		fda|Any CPU = fda|Any CPU
		hex_file|Any CPU = hex_file|Any CPU
		Release|Any CPU = Release|Any CPU
	EndGlobalSection
	GlobalSection(ProjectConfigurationPlatforms) = postSolution
		{0B112E9F-904A-4A2A-A8B0-41D1D73762B3}.Debug|Any CPU.ActiveCfg = Debug|Any CPU
		{0B112E9F-904A-4A2A-A8B0-41D1D73762B3}.Debug|Any CPU.Build.0 = Debug|Any CPU
		{0B112E9F-904A-4A2A-A8B0-41D1D73762B3}.fda|Any CPU.ActiveCfg = fda|Any CPU
		{0B112E9F-904A-4A2A-A8B0-41D1D73762B3}.fda|Any CPU.Build.0 = fda|Any CPU
		{0B112E9F-904A-4A2A-A8B0-41D1D73762B3}.hex_file|Any CPU.ActiveCfg = hex_file|Any CPU
		{0B112E9F-904A-4A2A-A8B0-41D1D73762B3}.hex_file|Any CPU.Build.0 = hex_file|Any CPU
		{0B112E9F-904A-4A2A-A8B0-41D1D73762B3}.Release|Any CPU.ActiveCfg = Release|Any CPU
		{0B112E9F-904A-4A2A-A8B0-41D1D73762B3}.Release|Any CPU.Build.0 = Release|Any CPU
	EndGlobalSection
	GlobalSection(SolutionProperties) = preSolution
		HideSolutionNode = FALSE
	EndGlobalSection
EndGlobal
